
Microsoft Visual Studio Solution File, Format Version 12.00
# Visual Studio Version 17
VisualStudioVersion = 17.7.34024.191
MinimumVisualStudioVersion = 10.0.40219.1
Project("{9A19103F-16F7-4668-BE54-9A1E7A4F7556}") = "Deliverable1", "Delivarable1\Deliverable1.csproj", "{C327B5B2-C6C5-43EB-AB6B-6D4093B9EC99}"
EndProject
Global
	GlobalSection(SolutionConfigurationPlatforms) = preSolution
		Debug|Any CPU = Debug|Any CPU
		Release|Any CPU = Release|Any CPU
	EndGlobalSection
	GlobalSection(ProjectConfigurationPlatforms) = postSolution
		{C327B5B2-C6C5-43EB-AB6B-6D4093B9EC99}.Debug|Any CPU.ActiveCfg = Debug|Any CPU
		{C327B5B2-C6C5-43EB-AB6B-6D4093B9EC99}.Debug|Any CPU.Build.0 = Debug|Any CPU
		{C327B5B2-C6C5-43EB-AB6B-6D4093B9EC99}.Release|Any CPU.ActiveCfg = Release|Any CPU
		{C327B5B2-C6C5-43EB-AB6B-6D4093B9EC99}.Release|Any CPU.Build.0 = Release|Any CPU
	EndGlobalSection
	GlobalSection(SolutionProperties) = preSolution
		HideSolutionNode = FALSE
	EndGlobalSection
	GlobalSection(ExtensibilityGlobals) = postSolution
		SolutionGuid = {80B8490D-A863-4D39-94F3-9F8E8270E366}
	EndGlobalSection
EndGlobal
